// !$*UTF8*$!
{
	archiveVersion = 1;
	classes = {
	};
	objectVersion = 46;
	objects = {

/* Begin PBXBuildFile section */
		975CC5F01CCF49D600D8C094 /* JSDROPDownViewController.m in Sources */ = {isa = PBXBuildFile; fileRef = 975CC5EE1CCF49D600D8C094 /* JSDROPDownViewController.m */; };
		975CC5F11CCF49D600D8C094 /* JSDROPDownViewController.xib in Resources */ = {isa = PBXBuildFile; fileRef = 975CC5EF1CCF49D600D8C094 /* JSDROPDownViewController.xib */; };
		97E9E27B1CCDE48400F2D795 /* DOPDropDownTableViewCell.m in Sources */ = {isa = PBXBuildFile; fileRef = 97E9E2791CCDE48300F2D795 /* DOPDropDownTableViewCell.m */; };
		97E9E27C1CCDE48400F2D795 /* DOPDropDownTableViewCell.xib in Resources */ = {isa = PBXBuildFile; fileRef = 97E9E27A1CCDE48300F2D795 /* DOPDropDownTableViewCell.xib */; };
		97E9E2801CCE07F800F2D795 /* DOPDropDownCollectionViewCell.m in Sources */ = {isa = PBXBuildFile; fileRef = 97E9E27E1CCE07F800F2D795 /* DOPDropDownCollectionViewCell.m */; };
		97E9E2811CCE07F800F2D795 /* DOPDropDownCollectionViewCell.xib in Resources */ = {isa = PBXBuildFile; fileRef = 97E9E27F1CCE07F800F2D795 /* DOPDropDownCollectionViewCell.xib */; };
		97EB5CAB1CD300ED0056B6DC /* CollectionFootViewController.m in Sources */ = {isa = PBXBuildFile; fileRef = 97EB5CA91CD300ED0056B6DC /* CollectionFootViewController.m */; };
		97EB5CAC1CD300ED0056B6DC /* CollectionFootViewController.xib in Resources */ = {isa = PBXBuildFile; fileRef = 97EB5CAA1CD300ED0056B6DC /* CollectionFootViewController.xib */; };
		97ECAB051CD0A18100403841 /* UIView+BundleExtension.m in Sources */ = {isa = PBXBuildFile; fileRef = 97ECAB041CD0A18100403841 /* UIView+BundleExtension.m */; };
		97F3DE051CD84E530073F10B /* PublicMethods.m in Sources */ = {isa = PBXBuildFile; fileRef = 97F3DE041CD84E530073F10B /* PublicMethods.m */; };
		97F3DE071CD84FBB0073F10B /* CoreData.framework in Frameworks */ = {isa = PBXBuildFile; fileRef = 97F3DE061CD84FBB0073F10B /* CoreData.framework */; };
		97F3DE0A1CD84FFA0073F10B /* NSDate+Extension.m in Sources */ = {isa = PBXBuildFile; fileRef = 97F3DE091CD84FFA0073F10B /* NSDate+Extension.m */; };
		97F41EDB1CC9D14D0031AF7B /* main.m in Sources */ = {isa = PBXBuildFile; fileRef = 97F41EDA1CC9D14D0031AF7B /* main.m */; };
		97F41EDE1CC9D14D0031AF7B /* AppDelegate.m in Sources */ = {isa = PBXBuildFile; fileRef = 97F41EDD1CC9D14D0031AF7B /* AppDelegate.m */; };
		97F41EE11CC9D14D0031AF7B /* ViewController.m in Sources */ = {isa = PBXBuildFile; fileRef = 97F41EE01CC9D14D0031AF7B /* ViewController.m */; };
		97F41EE41CC9D14D0031AF7B /* Main.storyboard in Resources */ = {isa = PBXBuildFile; fileRef = 97F41EE21CC9D14D0031AF7B /* Main.storyboard */; };
		97F41EE61CC9D14D0031AF7B /* Assets.xcassets in Resources */ = {isa = PBXBuildFile; fileRef = 97F41EE51CC9D14D0031AF7B /* Assets.xcassets */; };
		97F41EE91CC9D14D0031AF7B /* LaunchScreen.storyboard in Resources */ = {isa = PBXBuildFile; fileRef = 97F41EE71CC9D14D0031AF7B /* LaunchScreen.storyboard */; };
		97F41EF41CC9D14D0031AF7B /* NewButtonSelectDemoTests.m in Sources */ = {isa = PBXBuildFile; fileRef = 97F41EF31CC9D14D0031AF7B /* NewButtonSelectDemoTests.m */; };
		97F41EFF1CC9D14D0031AF7B /* NewButtonSelectDemoUITests.m in Sources */ = {isa = PBXBuildFile; fileRef = 97F41EFE1CC9D14D0031AF7B /* NewButtonSelectDemoUITests.m */; };
		97F41F0E1CC9F0910031AF7B /* YTScreenBar.m in Sources */ = {isa = PBXBuildFile; fileRef = 97F41F0D1CC9F0910031AF7B /* YTScreenBar.m */; };
		97F41F151CC9FAB00031AF7B /* DOPDropDownMenu.m in Sources */ = {isa = PBXBuildFile; fileRef = 97F41F111CC9FAB00031AF7B /* DOPDropDownMenu.m */; };
/* End PBXBuildFile section */

/* Begin PBXContainerItemProxy section */
		97F41EF01CC9D14D0031AF7B /* PBXContainerItemProxy */ = {
			isa = PBXContainerItemProxy;
			containerPortal = 97F41ECE1CC9D14C0031AF7B /* Project object */;
			proxyType = 1;
			remoteGlobalIDString = 97F41ED51CC9D14D0031AF7B;
			remoteInfo = NewButtonSelectDemo;
		};
		97F41EFB1CC9D14D0031AF7B /* PBXContainerItemProxy */ = {
			isa = PBXContainerItemProxy;
			containerPortal = 97F41ECE1CC9D14C0031AF7B /* Project object */;
			proxyType = 1;
			remoteGlobalIDString = 97F41ED51CC9D14D0031AF7B;
			remoteInfo = NewButtonSelectDemo;
		};
/* End PBXContainerItemProxy section */

/* Begin PBXFileReference section */
		975CC5ED1CCF49D600D8C094 /* JSDROPDownViewController.h */ = {isa = PBXFileReference; fileEncoding = 4; lastKnownFileType = sourcecode.c.h; path = JSDROPDownViewController.h; sourceTree = "<group>"; };
		975CC5EE1CCF49D600D8C094 /* JSDROPDownViewController.m */ = {isa = PBXFileReference; fileEncoding = 4; lastKnownFileType = sourcecode.c.objc; path = JSDROPDownViewController.m; sourceTree = "<group>"; };
		975CC5EF1CCF49D600D8C094 /* JSDROPDownViewController.xib */ = {isa = PBXFileReference; fileEncoding = 4; lastKnownFileType = file.xib; path = JSDROPDownViewController.xib; sourceTree = "<group>"; };
		97E9E2781CCDE48300F2D795 /* DOPDropDownTableViewCell.h */ = {isa = PBXFileReference; fileEncoding = 4; lastKnownFileType = sourcecode.c.h; path = DOPDropDownTableViewCell.h; sourceTree = "<group>"; };
		97E9E2791CCDE48300F2D795 /* DOPDropDownTableViewCell.m */ = {isa = PBXFileReference; fileEncoding = 4; lastKnownFileType = sourcecode.c.objc; path = DOPDropDownTableViewCell.m; sourceTree = "<group>"; };
		97E9E27A1CCDE48300F2D795 /* DOPDropDownTableViewCell.xib */ = {isa = PBXFileReference; fileEncoding = 4; lastKnownFileType = file.xib; path = DOPDropDownTableViewCell.xib; sourceTree = "<group>"; };
		97E9E27D1CCE07F800F2D795 /* DOPDropDownCollectionViewCell.h */ = {isa = PBXFileReference; fileEncoding = 4; lastKnownFileType = sourcecode.c.h; path = DOPDropDownCollectionViewCell.h; sourceTree = "<group>"; };
		97E9E27E1CCE07F800F2D795 /* DOPDropDownCollectionViewCell.m */ = {isa = PBXFileReference; fileEncoding = 4; lastKnownFileType = sourcecode.c.objc; path = DOPDropDownCollectionViewCell.m; sourceTree = "<group>"; };
		97E9E27F1CCE07F800F2D795 /* DOPDropDownCollectionViewCell.xib */ = {isa = PBXFileReference; fileEncoding = 4; lastKnownFileType = file.xib; path = DOPDropDownCollectionViewCell.xib; sourceTree = "<group>"; };
		97EB5CA81CD300ED0056B6DC /* CollectionFootViewController.h */ = {isa = PBXFileReference; fileEncoding = 4; lastKnownFileType = sourcecode.c.h; path = CollectionFootViewController.h; sourceTree = "<group>"; };
		97EB5CA91CD300ED0056B6DC /* CollectionFootViewController.m */ = {isa = PBXFileReference; fileEncoding = 4; lastKnownFileType = sourcecode.c.objc; path = CollectionFootViewController.m; sourceTree = "<group>"; };
		97EB5CAA1CD300ED0056B6DC /* CollectionFootViewController.xib */ = {isa = PBXFileReference; fileEncoding = 4; lastKnownFileType = file.xib; path = CollectionFootViewController.xib; sourceTree = "<group>"; };
		97ECAB031CD0A18100403841 /* UIView+BundleExtension.h */ = {isa = PBXFileReference; fileEncoding = 4; lastKnownFileType = sourcecode.c.h; path = "UIView+BundleExtension.h"; sourceTree = "<group>"; };
		97ECAB041CD0A18100403841 /* UIView+BundleExtension.m */ = {isa = PBXFileReference; fileEncoding = 4; lastKnownFileType = sourcecode.c.objc; path = "UIView+BundleExtension.m"; sourceTree = "<group>"; };
		97F3DE031CD84E530073F10B /* PublicMethods.h */ = {isa = PBXFileReference; fileEncoding = 4; lastKnownFileType = sourcecode.c.h; path = PublicMethods.h; sourceTree = "<group>"; };
		97F3DE041CD84E530073F10B /* PublicMethods.m */ = {isa = PBXFileReference; fileEncoding = 4; lastKnownFileType = sourcecode.c.objc; path = PublicMethods.m; sourceTree = "<group>"; };
		97F3DE061CD84FBB0073F10B /* CoreData.framework */ = {isa = PBXFileReference; lastKnownFileType = wrapper.framework; name = CoreData.framework; path = System/Library/Frameworks/CoreData.framework; sourceTree = SDKROOT; };
		97F3DE081CD84FF90073F10B /* NSDate+Extension.h */ = {isa = PBXFileReference; fileEncoding = 4; lastKnownFileType = sourcecode.c.h; path = "NSDate+Extension.h"; sourceTree = "<group>"; };
		97F3DE091CD84FFA0073F10B /* NSDate+Extension.m */ = {isa = PBXFileReference; fileEncoding = 4; lastKnownFileType = sourcecode.c.objc; path = "NSDate+Extension.m"; sourceTree = "<group>"; };
		97F41ED61CC9D14D0031AF7B /* NewButtonSelectDemo.app */ = {isa = PBXFileReference; explicitFileType = wrapper.application; includeInIndex = 0; path = NewButtonSelectDemo.app; sourceTree = BUILT_PRODUCTS_DIR; };
		97F41EDA1CC9D14D0031AF7B /* main.m */ = {isa = PBXFileReference; lastKnownFileType = sourcecode.c.objc; path = main.m; sourceTree = "<group>"; };
		97F41EDC1CC9D14D0031AF7B /* AppDelegate.h */ = {isa = PBXFileReference; lastKnownFileType = sourcecode.c.h; path = AppDelegate.h; sourceTree = "<group>"; };
		97F41EDD1CC9D14D0031AF7B /* AppDelegate.m */ = {isa = PBXFileReference; lastKnownFileType = sourcecode.c.objc; path = AppDelegate.m; sourceTree = "<group>"; };
		97F41EDF1CC9D14D0031AF7B /* ViewController.h */ = {isa = PBXFileReference; lastKnownFileType = sourcecode.c.h; path = ViewController.h; sourceTree = "<group>"; };
		97F41EE01CC9D14D0031AF7B /* ViewController.m */ = {isa = PBXFileReference; lastKnownFileType = sourcecode.c.objc; path = ViewController.m; sourceTree = "<group>"; };
		97F41EE31CC9D14D0031AF7B /* Base */ = {isa = PBXFileReference; lastKnownFileType = file.storyboard; name = Base; path = Base.lproj/Main.storyboard; sourceTree = "<group>"; };
		97F41EE51CC9D14D0031AF7B /* Assets.xcassets */ = {isa = PBXFileReference; lastKnownFileType = folder.assetcatalog; path = Assets.xcassets; sourceTree = "<group>"; };
		97F41EE81CC9D14D0031AF7B /* Base */ = {isa = PBXFileReference; lastKnownFileType = file.storyboard; name = Base; path = Base.lproj/LaunchScreen.storyboard; sourceTree = "<group>"; };
		97F41EEA1CC9D14D0031AF7B /* Info.plist */ = {isa = PBXFileReference; lastKnownFileType = text.plist.xml; path = Info.plist; sourceTree = "<group>"; };
		97F41EEF1CC9D14D0031AF7B /* NewButtonSelectDemoTests.xctest */ = {isa = PBXFileReference; explicitFileType = wrapper.cfbundle; includeInIndex = 0; path = NewButtonSelectDemoTests.xctest; sourceTree = BUILT_PRODUCTS_DIR; };
		97F41EF31CC9D14D0031AF7B /* NewButtonSelectDemoTests.m */ = {isa = PBXFileReference; lastKnownFileType = sourcecode.c.objc; path = NewButtonSelectDemoTests.m; sourceTree = "<group>"; };
		97F41EF51CC9D14D0031AF7B /* Info.plist */ = {isa = PBXFileReference; lastKnownFileType = text.plist.xml; path = Info.plist; sourceTree = "<group>"; };
		97F41EFA1CC9D14D0031AF7B /* NewButtonSelectDemoUITests.xctest */ = {isa = PBXFileReference; explicitFileType = wrapper.cfbundle; includeInIndex = 0; path = NewButtonSelectDemoUITests.xctest; sourceTree = BUILT_PRODUCTS_DIR; };
		97F41EFE1CC9D14D0031AF7B /* NewButtonSelectDemoUITests.m */ = {isa = PBXFileReference; lastKnownFileType = sourcecode.c.objc; path = NewButtonSelectDemoUITests.m; sourceTree = "<group>"; };
		97F41F001CC9D14D0031AF7B /* Info.plist */ = {isa = PBXFileReference; lastKnownFileType = text.plist.xml; path = Info.plist; sourceTree = "<group>"; };
		97F41F0C1CC9F0910031AF7B /* YTScreenBar.h */ = {isa = PBXFileReference; fileEncoding = 4; lastKnownFileType = sourcecode.c.h; path = YTScreenBar.h; sourceTree = "<group>"; };
		97F41F0D1CC9F0910031AF7B /* YTScreenBar.m */ = {isa = PBXFileReference; fileEncoding = 4; lastKnownFileType = sourcecode.c.objc; path = YTScreenBar.m; sourceTree = "<group>"; };
		97F41F101CC9FAB00031AF7B /* DOPDropDownMenu.h */ = {isa = PBXFileReference; fileEncoding = 4; lastKnownFileType = sourcecode.c.h; path = DOPDropDownMenu.h; sourceTree = "<group>"; };
		97F41F111CC9FAB00031AF7B /* DOPDropDownMenu.m */ = {isa = PBXFileReference; fileEncoding = 4; lastKnownFileType = sourcecode.c.objc; path = DOPDropDownMenu.m; sourceTree = "<group>"; };
/* End PBXFileReference section */

/* Begin PBXFrameworksBuildPhase section */
		97F41ED31CC9D14D0031AF7B /* Frameworks */ = {
			isa = PBXFrameworksBuildPhase;
			buildActionMask = 2147483647;
			files = (
				97F3DE071CD84FBB0073F10B /* CoreData.framework in Frameworks */,
			);
			runOnlyForDeploymentPostprocessing = 0;
		};
		97F41EEC1CC9D14D0031AF7B /* Frameworks */ = {
			isa = PBXFrameworksBuildPhase;
			buildActionMask = 2147483647;
			files = (
			);
			runOnlyForDeploymentPostprocessing = 0;
		};
		97F41EF71CC9D14D0031AF7B /* Frameworks */ = {
			isa = PBXFrameworksBuildPhase;
			buildActionMask = 2147483647;
			files = (
			);
			runOnlyForDeploymentPostprocessing = 0;
		};
/* End PBXFrameworksBuildPhase section */

/* Begin PBXGroup section */
		97F41ECD1CC9D14C0031AF7B = {
			isa = PBXGroup;
			children = (
				97F3DE061CD84FBB0073F10B /* CoreData.framework */,
				97F41ED81CC9D14D0031AF7B /* NewButtonSelectDemo */,
				97F41EF21CC9D14D0031AF7B /* NewButtonSelectDemoTests */,
				97F41EFD1CC9D14D0031AF7B /* NewButtonSelectDemoUITests */,
				97F41ED71CC9D14D0031AF7B /* Products */,
			);
			sourceTree = "<group>";
		};
		97F41ED71CC9D14D0031AF7B /* Products */ = {
			isa = PBXGroup;
			children = (
				97F41ED61CC9D14D0031AF7B /* NewButtonSelectDemo.app */,
				97F41EEF1CC9D14D0031AF7B /* NewButtonSelectDemoTests.xctest */,
				97F41EFA1CC9D14D0031AF7B /* NewButtonSelectDemoUITests.xctest */,
			);
			name = Products;
			sourceTree = "<group>";
		};
		97F41ED81CC9D14D0031AF7B /* NewButtonSelectDemo */ = {
			isa = PBXGroup;
			children = (
				97F41EDC1CC9D14D0031AF7B /* AppDelegate.h */,
				97F41EDD1CC9D14D0031AF7B /* AppDelegate.m */,
				97F41EDF1CC9D14D0031AF7B /* ViewController.h */,
				97F41EE01CC9D14D0031AF7B /* ViewController.m */,
				975CC5ED1CCF49D600D8C094 /* JSDROPDownViewController.h */,
				975CC5EE1CCF49D600D8C094 /* JSDROPDownViewController.m */,
				975CC5EF1CCF49D600D8C094 /* JSDROPDownViewController.xib */,
				97F3DE031CD84E530073F10B /* PublicMethods.h */,
				97F3DE041CD84E530073F10B /* PublicMethods.m */,
				97F3DE081CD84FF90073F10B /* NSDate+Extension.h */,
				97F3DE091CD84FFA0073F10B /* NSDate+Extension.m */,
				97F41F0C1CC9F0910031AF7B /* YTScreenBar.h */,
				97F41F0D1CC9F0910031AF7B /* YTScreenBar.m */,
				97F41F0F1CC9FAB00031AF7B /* DOPDropDownMenu - Enhanced */,
				97F41EE21CC9D14D0031AF7B /* Main.storyboard */,
				97F41EE51CC9D14D0031AF7B /* Assets.xcassets */,
				97F41EE71CC9D14D0031AF7B /* LaunchScreen.storyboard */,
				97F41EEA1CC9D14D0031AF7B /* Info.plist */,
				97F41ED91CC9D14D0031AF7B /* Supporting Files */,
			);
			path = NewButtonSelectDemo;
			sourceTree = "<group>";
		};
		97F41ED91CC9D14D0031AF7B /* Supporting Files */ = {
			isa = PBXGroup;
			children = (
				97F41EDA1CC9D14D0031AF7B /* main.m */,
			);
			name = "Supporting Files";
			sourceTree = "<group>";
		};
		97F41EF21CC9D14D0031AF7B /* NewButtonSelectDemoTests */ = {
			isa = PBXGroup;
			children = (
				97F41EF31CC9D14D0031AF7B /* NewButtonSelectDemoTests.m */,
				97F41EF51CC9D14D0031AF7B /* Info.plist */,
			);
			path = NewButtonSelectDemoTests;
			sourceTree = "<group>";
		};
		97F41EFD1CC9D14D0031AF7B /* NewButtonSelectDemoUITests */ = {
			isa = PBXGroup;
			children = (
				97F41EFE1CC9D14D0031AF7B /* NewButtonSelectDemoUITests.m */,
				97F41F001CC9D14D0031AF7B /* Info.plist */,
			);
			path = NewButtonSelectDemoUITests;
			sourceTree = "<group>";
		};
		97F41F0F1CC9FAB00031AF7B /* DOPDropDownMenu - Enhanced */ = {
			isa = PBXGroup;
			children = (
				97ECAB031CD0A18100403841 /* UIView+BundleExtension.h */,
				97ECAB041CD0A18100403841 /* UIView+BundleExtension.m */,
				97F41F101CC9FAB00031AF7B /* DOPDropDownMenu.h */,
				97F41F111CC9FAB00031AF7B /* DOPDropDownMenu.m */,
				97E9E2781CCDE48300F2D795 /* DOPDropDownTableViewCell.h */,
				97E9E2791CCDE48300F2D795 /* DOPDropDownTableViewCell.m */,
				97E9E27A1CCDE48300F2D795 /* DOPDropDownTableViewCell.xib */,
				97E9E27D1CCE07F800F2D795 /* DOPDropDownCollectionViewCell.h */,
				97E9E27E1CCE07F800F2D795 /* DOPDropDownCollectionViewCell.m */,
				97E9E27F1CCE07F800F2D795 /* DOPDropDownCollectionViewCell.xib */,
				97EB5CA81CD300ED0056B6DC /* CollectionFootViewController.h */,
				97EB5CA91CD300ED0056B6DC /* CollectionFootViewController.m */,
				97EB5CAA1CD300ED0056B6DC /* CollectionFootViewController.xib */,
			);
			path = "DOPDropDownMenu - Enhanced";
			sourceTree = "<group>";
		};
/* End PBXGroup section */

/* Begin PBXNativeTarget section */
		97F41ED51CC9D14D0031AF7B /* NewButtonSelectDemo */ = {
			isa = PBXNativeTarget;
			buildConfigurationList = 97F41F031CC9D14D0031AF7B /* Build configuration list for PBXNativeTarget "NewButtonSelectDemo" */;
			buildPhases = (
				97F41ED21CC9D14D0031AF7B /* Sources */,
				97F41ED31CC9D14D0031AF7B /* Frameworks */,
				97F41ED41CC9D14D0031AF7B /* Resources */,
			);
			buildRules = (
			);
			dependencies = (
			);
			name = NewButtonSelectDemo;
			productName = NewButtonSelectDemo;
			productReference = 97F41ED61CC9D14D0031AF7B /* NewButtonSelectDemo.app */;
			productType = "com.apple.product-type.application";
		};
		97F41EEE1CC9D14D0031AF7B /* NewButtonSelectDemoTests */ = {
			isa = PBXNativeTarget;
			buildConfigurationList = 97F41F061CC9D14D0031AF7B /* Build configuration list for PBXNativeTarget "NewButtonSelectDemoTests" */;
			buildPhases = (
				97F41EEB1CC9D14D0031AF7B /* Sources */,
				97F41EEC1CC9D14D0031AF7B /* Frameworks */,
				97F41EED1CC9D14D0031AF7B /* Resources */,
			);
			buildRules = (
			);
			dependencies = (
				97F41EF11CC9D14D0031AF7B /* PBXTargetDependency */,
			);
			name = NewButtonSelectDemoTests;
			productName = NewButtonSelectDemoTests;
			productReference = 97F41EEF1CC9D14D0031AF7B /* NewButtonSelectDemoTests.xctest */;
			productType = "com.apple.product-type.bundle.unit-test";
		};
		97F41EF91CC9D14D0031AF7B /* NewButtonSelectDemoUITests */ = {
			isa = PBXNativeTarget;
			buildConfigurationList = 97F41F091CC9D14D0031AF7B /* Build configuration list for PBXNativeTarget "NewButtonSelectDemoUITests" */;
			buildPhases = (
				97F41EF61CC9D14D0031AF7B /* Sources */,
				97F41EF71CC9D14D0031AF7B /* Frameworks */,
				97F41EF81CC9D14D0031AF7B /* Resources */,
			);
			buildRules = (
			);
			dependencies = (
				97F41EFC1CC9D14D0031AF7B /* PBXTargetDependency */,
			);
			name = NewButtonSelectDemoUITests;
			productName = NewButtonSelectDemoUITests;
			productReference = 97F41EFA1CC9D14D0031AF7B /* NewButtonSelectDemoUITests.xctest */;
			productType = "com.apple.product-type.bundle.ui-testing";
		};
/* End PBXNativeTarget section */

/* Begin PBXProject section */
		97F41ECE1CC9D14C0031AF7B /* Project object */ = {
			isa = PBXProject;
			attributes = {
				LastUpgradeCheck = 0710;
				ORGANIZATIONNAME = "阿里";
				TargetAttributes = {
					97F41ED51CC9D14D0031AF7B = {
						CreatedOnToolsVersion = 7.1;
						DevelopmentTeam = KL4DH9J8ZX;
					};
					97F41EEE1CC9D14D0031AF7B = {
						CreatedOnToolsVersion = 7.1;
						TestTargetID = 97F41ED51CC9D14D0031AF7B;
					};
					97F41EF91CC9D14D0031AF7B = {
						CreatedOnToolsVersion = 7.1;
						TestTargetID = 97F41ED51CC9D14D0031AF7B;
					};
				};
			};
			buildConfigurationList = 97F41ED11CC9D14C0031AF7B /* Build configuration list for PBXProject "NewButtonSelectDemo" */;
			compatibilityVersion = "Xcode 3.2";
			developmentRegion = English;
			hasScannedForEncodings = 0;
			knownRegions = (
				en,
				Base,
			);
			mainGroup = 97F41ECD1CC9D14C0031AF7B;
			productRefGroup = 97F41ED71CC9D14D0031AF7B /* Products */;
			projectDirPath = "";
			projectRoot = "";
			targets = (
				97F41ED51CC9D14D0031AF7B /* NewButtonSelectDemo */,
				97F41EEE1CC9D14D0031AF7B /* NewButtonSelectDemoTests */,
				97F41EF91CC9D14D0031AF7B /* NewButtonSelectDemoUITests */,
			);
		};
/* End PBXProject section */

/* Begin PBXResourcesBuildPhase section */
		97F41ED41CC9D14D0031AF7B /* Resources */ = {
			isa = PBXResourcesBuildPhase;
			buildActionMask = 2147483647;
			files = (
				97EB5CAC1CD300ED0056B6DC /* CollectionFootViewController.xib in Resources */,
				97F41EE91CC9D14D0031AF7B /* LaunchScreen.storyboard in Resources */,
				97F41EE61CC9D14D0031AF7B /* Assets.xcassets in Resources */,
				975CC5F11CCF49D600D8C094 /* JSDROPDownViewController.xib in Resources */,
				97E9E2811CCE07F800F2D795 /* DOPDropDownCollectionViewCell.xib in Resources */,
				97E9E27C1CCDE48400F2D795 /* DOPDropDownTableViewCell.xib in Resources */,
				97F41EE41CC9D14D0031AF7B /* Main.storyboard in Resources */,
			);
			runOnlyForDeploymentPostprocessing = 0;
		};
		97F41EED1CC9D14D0031AF7B /* Resources */ = {
			isa = PBXResourcesBuildPhase;
			buildActionMask = 2147483647;
			files = (
			);
			runOnlyForDeploymentPostprocessing = 0;
		};
		97F41EF81CC9D14D0031AF7B /* Resources */ = {
			isa = PBXResourcesBuildPhase;
			buildActionMask = 2147483647;
			files = (
			);
			runOnlyForDeploymentPostprocessing = 0;
		};
/* End PBXResourcesBuildPhase section */

/* Begin PBXSourcesBuildPhase section */
		97F41ED21CC9D14D0031AF7B /* Sources */ = {
			isa = PBXSourcesBuildPhase;
			buildActionMask = 2147483647;
			files = (
				97E9E27B1CCDE48400F2D795 /* DOPDropDownTableViewCell.m in Sources */,
				97F3DE051CD84E530073F10B /* PublicMethods.m in Sources */,
				97ECAB051CD0A18100403841 /* UIView+BundleExtension.m in Sources */,
				97F41EE11CC9D14D0031AF7B /* ViewController.m in Sources */,
				97E9E2801CCE07F800F2D795 /* DOPDropDownCollectionViewCell.m in Sources */,
				97F41EDE1CC9D14D0031AF7B /* AppDelegate.m in Sources */,
				975CC5F01CCF49D600D8C094 /* JSDROPDownViewController.m in Sources */,
				97EB5CAB1CD300ED0056B6DC /* CollectionFootViewController.m in Sources */,
				97F41F0E1CC9F0910031AF7B /* YTScreenBar.m in Sources */,
				97F41EDB1CC9D14D0031AF7B /* main.m in Sources */,
				97F3DE0A1CD84FFA0073F10B /* NSDate+Extension.m in Sources */,
				97F41F151CC9FAB00031AF7B /* DOPDropDownMenu.m in Sources */,
			);
			runOnlyForDeploymentPostprocessing = 0;
		};
		97F41EEB1CC9D14D0031AF7B /* Sources */ = {
			isa = PBXSourcesBuildPhase;
			buildActionMask = 2147483647;
			files = (
				97F41EF41CC9D14D0031AF7B /* NewButtonSelectDemoTests.m in Sources */,
			);
			runOnlyForDeploymentPostprocessing = 0;
		};
		97F41EF61CC9D14D0031AF7B /* Sources */ = {
			isa = PBXSourcesBuildPhase;
			buildActionMask = 2147483647;
			files = (
				97F41EFF1CC9D14D0031AF7B /* NewButtonSelectDemoUITests.m in Sources */,
			);
			runOnlyForDeploymentPostprocessing = 0;
		};
/* End PBXSourcesBuildPhase section */

/* Begin PBXTargetDependency section */
		97F41EF11CC9D14D0031AF7B /* PBXTargetDependency */ = {
			isa = PBXTargetDependency;
			target = 97F41ED51CC9D14D0031AF7B /* NewButtonSelectDemo */;
			targetProxy = 97F41EF01CC9D14D0031AF7B /* PBXContainerItemProxy */;
		};
		97F41EFC1CC9D14D0031AF7B /* PBXTargetDependency */ = {
			isa = PBXTargetDependency;
			target = 97F41ED51CC9D14D0031AF7B /* NewButtonSelectDemo */;
			targetProxy = 97F41EFB1CC9D14D0031AF7B /* PBXContainerItemProxy */;
		};
/* End PBXTargetDependency section */

/* Begin PBXVariantGroup section */
		97F41EE21CC9D14D0031AF7B /* Main.storyboard */ = {
			isa = PBXVariantGroup;
			children = (
				97F41EE31CC9D14D0031AF7B /* Base */,
			);
			name = Main.storyboard;
			sourceTree = "<group>";
		};
		97F41EE71CC9D14D0031AF7B /* LaunchScreen.storyboard */ = {
			isa = PBXVariantGroup;
			children = (
				97F41EE81CC9D14D0031AF7B /* Base */,
			);
			name = LaunchScreen.storyboard;
			sourceTree = "<group>";
		};
/* End PBXVariantGroup section */

/* Begin XCBuildConfiguration section */
		97F41F011CC9D14D0031AF7B /* Debug */ = {
			isa = XCBuildConfiguration;
			buildSettings = {
				ALWAYS_SEARCH_USER_PATHS = NO;
				CLANG_CXX_LANGUAGE_STANDARD = "gnu++0x";
				CLANG_CXX_LIBRARY = "libc++";
				CLANG_ENABLE_MODULES = YES;
				CLANG_ENABLE_OBJC_ARC = YES;
				CLANG_WARN_BOOL_CONVERSION = YES;
				CLANG_WARN_CONSTANT_CONVERSION = YES;
				CLANG_WARN_DIRECT_OBJC_ISA_USAGE = YES_ERROR;
				CLANG_WARN_EMPTY_BODY = YES;
				CLANG_WARN_ENUM_CONVERSION = YES;
				CLANG_WARN_INT_CONVERSION = YES;
				CLANG_WARN_OBJC_ROOT_CLASS = YES_ERROR;
				CLANG_WARN_UNREACHABLE_CODE = YES;
				CLANG_WARN__DUPLICATE_METHOD_MATCH = YES;
				"CODE_SIGN_IDENTITY[sdk=iphoneos*]" = "iPhone Developer";
				COPY_PHASE_STRIP = NO;
				DEBUG_INFORMATION_FORMAT = dwarf;
				ENABLE_STRICT_OBJC_MSGSEND = YES;
				ENABLE_TESTABILITY = YES;
				GCC_C_LANGUAGE_STANDARD = gnu99;
				GCC_DYNAMIC_NO_PIC = NO;
				GCC_NO_COMMON_BLOCKS = YES;
				GCC_OPTIMIZATION_LEVEL = 0;
				GCC_PREPROCESSOR_DEFINITIONS = (
					"DEBUG=1",
					"$(inherited)",
				);
				GCC_WARN_64_TO_32_BIT_CONVERSION = YES;
				GCC_WARN_ABOUT_RETURN_TYPE = YES_ERROR;
				GCC_WARN_UNDECLARED_SELECTOR = YES;
				GCC_WARN_UNINITIALIZED_AUTOS = YES_AGGRESSIVE;
				GCC_WARN_UNUSED_FUNCTION = YES;
				GCC_WARN_UNUSED_VARIABLE = YES;
				IPHONEOS_DEPLOYMENT_TARGET = 9.1;
				MTL_ENABLE_DEBUG_INFO = YES;
				ONLY_ACTIVE_ARCH = YES;
				SDKROOT = iphoneos;
			};
			name = Debug;
		};
		97F41F021CC9D14D0031AF7B /* Release */ = {
			isa = XCBuildConfiguration;
			buildSettings = {
				ALWAYS_SEARCH_USER_PATHS = NO;
				CLANG_CXX_LANGUAGE_STANDARD = "gnu++0x";
				CLANG_CXX_LIBRARY = "libc++";
				CLANG_ENABLE_MODULES = YES;
				CLANG_ENABLE_OBJC_ARC = YES;
				CLANG_WARN_BOOL_CONVERSION = YES;
				CLANG_WARN_CONSTANT_CONVERSION = YES;
				CLANG_WARN_DIRECT_OBJC_ISA_USAGE = YES_ERROR;
				CLANG_WARN_EMPTY_BODY = YES;
				CLANG_WARN_ENUM_CONVERSION = YES;
				CLANG_WARN_INT_CONVERSION = YES;
				CLANG_WARN_OBJC_ROOT_CLASS = YES_ERROR;
				CLANG_WARN_UNREACHABLE_CODE = YES;
				CLANG_WARN__DUPLICATE_METHOD_MATCH = YES;
				"CODE_SIGN_IDENTITY[sdk=iphoneos*]" = "iPhone Developer";
				COPY_PHASE_STRIP = NO;
				DEBUG_INFORMATION_FORMAT = "dwarf-with-dsym";
				ENABLE_NS_ASSERTIONS = NO;
				ENABLE_STRICT_OBJC_MSGSEND = YES;
				GCC_C_LANGUAGE_STANDARD = gnu99;
				GCC_NO_COMMON_BLOCKS = YES;
				GCC_WARN_64_TO_32_BIT_CONVERSION = YES;
				GCC_WARN_ABOUT_RETURN_TYPE = YES_ERROR;
				GCC_WARN_UNDECLARED_SELECTOR = YES;
				GCC_WARN_UNINITIALIZED_AUTOS = YES_AGGRESSIVE;
				GCC_WARN_UNUSED_FUNCTION = YES;
				GCC_WARN_UNUSED_VARIABLE = YES;
				IPHONEOS_DEPLOYMENT_TARGET = 9.1;
				MTL_ENABLE_DEBUG_INFO = NO;
				SDKROOT = iphoneos;
				VALIDATE_PRODUCT = YES;
			};
			name = Release;
		};
		97F41F041CC9D14D0031AF7B /* Debug */ = {
			isa = XCBuildConfiguration;
			buildSettings = {
				ASSETCATALOG_COMPILER_APPICON_NAME = AppIcon;
				CODE_SIGN_IDENTITY = "iPhone Developer";
				INFOPLIST_FILE = NewButtonSelectDemo/Info.plist;
				IPHONEOS_DEPLOYMENT_TARGET = 8.0;
				LD_RUNPATH_SEARCH_PATHS = "$(inherited) @executable_path/Frameworks";
				PRODUCT_BUNDLE_IDENTIFIER = com.NewButtonSelectDemo;
				PRODUCT_NAME = "$(TARGET_NAME)";
			};
			name = Debug;
		};
		97F41F051CC9D14D0031AF7B /* Release */ = {
			isa = XCBuildConfiguration;
			buildSettings = {
				ASSETCATALOG_COMPILER_APPICON_NAME = AppIcon;
				CODE_SIGN_IDENTITY = "iPhone Developer";
				INFOPLIST_FILE = NewButtonSelectDemo/Info.plist;
				IPHONEOS_DEPLOYMENT_TARGET = 8.0;
				LD_RUNPATH_SEARCH_PATHS = "$(inherited) @executable_path/Frameworks";
				PRODUCT_BUNDLE_IDENTIFIER = com.NewButtonSelectDemo;
				PRODUCT_NAME = "$(TARGET_NAME)";
			};
			name = Release;
		};
		97F41F071CC9D14D0031AF7B /* Debug */ = {
			isa = XCBuildConfiguration;
			buildSettings = {
				BUNDLE_LOADER = "$(TEST_HOST)";
				INFOPLIST_FILE = NewButtonSelectDemoTests/Info.plist;
				LD_RUNPATH_SEARCH_PATHS = "$(inherited) @executable_path/Frameworks @loader_path/Frameworks";
				PRODUCT_BUNDLE_IDENTIFIER = com.NewButtonSelectDemoTests;
				PRODUCT_NAME = "$(TARGET_NAME)";
				TEST_HOST = "$(BUILT_PRODUCTS_DIR)/NewButtonSelectDemo.app/NewButtonSelectDemo";
			};
			name = Debug;
		};
		97F41F081CC9D14D0031AF7B /* Release */ = {
			isa = XCBuildConfiguration;
			buildSettings = {
				BUNDLE_LOADER = "$(TEST_HOST)";
				INFOPLIST_FILE = NewButtonSelectDemoTests/Info.plist;
				LD_RUNPATH_SEARCH_PATHS = "$(inherited) @executable_path/Frameworks @loader_path/Frameworks";
				PRODUCT_BUNDLE_IDENTIFIER = com.NewButtonSelectDemoTests;
				PRODUCT_NAME = "$(TARGET_NAME)";
				TEST_HOST = "$(BUILT_PRODUCTS_DIR)/NewButtonSelectDemo.app/NewButtonSelectDemo";
			};
			name = Release;
		};
		97F41F0A1CC9D14D0031AF7B /* Debug */ = {
			isa = XCBuildConfiguration;
			buildSettings = {
				INFOPLIST_FILE = NewButtonSelectDemoUITests/Info.plist;
				LD_RUNPATH_SEARCH_PATHS = "$(inherited) @executable_path/Frameworks @loader_path/Frameworks";
				PRODUCT_BUNDLE_IDENTIFIER = com.NewButtonSelectDemoUITests;
				PRODUCT_NAME = "$(TARGET_NAME)";
				TEST_TARGET_NAME = NewButtonSelectDemo;
				USES_XCTRUNNER = YES;
			};
			name = Debug;
		};
		97F41F0B1CC9D14D0031AF7B /* Release */ = {
			isa = XCBuildConfiguration;
			buildSettings = {
				INFOPLIST_FILE = NewButtonSelectDemoUITests/Info.plist;
				LD_RUNPATH_SEARCH_PATHS = "$(inherited) @executable_path/Frameworks @loader_path/Frameworks";
				PRODUCT_BUNDLE_IDENTIFIER = com.NewButtonSelectDemoUITests;
				PRODUCT_NAME = "$(TARGET_NAME)";
				TEST_TARGET_NAME = NewButtonSelectDemo;
				USES_XCTRUNNER = YES;
			};
			name = Release;
		};
/* End XCBuildConfiguration section */

/* Begin XCConfigurationList section */
		97F41ED11CC9D14C0031AF7B /* Build configuration list for PBXProject "NewButtonSelectDemo" */ = {
			isa = XCConfigurationList;
			buildConfigurations = (
				97F41F011CC9D14D0031AF7B /* Debug */,
				97F41F021CC9D14D0031AF7B /* Release */,
			);
			defaultConfigurationIsVisible = 0;
			defaultConfigurationName = Release;
		};
		97F41F031CC9D14D0031AF7B /* Build configuration list for PBXNativeTarget "NewButtonSelectDemo" */ = {
			isa = XCConfigurationList;
			buildConfigurations = (
				97F41F041CC9D14D0031AF7B /* Debug */,
				97F41F051CC9D14D0031AF7B /* Release */,
			);
			defaultConfigurationIsVisible = 0;
			defaultConfigurationName = Release;
		};
		97F41F061CC9D14D0031AF7B /* Build configuration list for PBXNativeTarget "NewButtonSelectDemoTests" */ = {
			isa = XCConfigurationList;
			buildConfigurations = (
				97F41F071CC9D14D0031AF7B /* Debug */,
				97F41F081CC9D14D0031AF7B /* Release */,
			);
			defaultConfigurationIsVisible = 0;
			defaultConfigurationName = Release;
		};
		97F41F091CC9D14D0031AF7B /* Build configuration list for PBXNativeTarget "NewButtonSelectDemoUITests" */ = {
			isa = XCConfigurationList;
			buildConfigurations = (
				97F41F0A1CC9D14D0031AF7B /* Debug */,
				97F41F0B1CC9D14D0031AF7B /* Release */,
			);
			defaultConfigurationIsVisible = 0;
			defaultConfigurationName = Release;
		};
/* End XCConfigurationList section */
	};
	rootObject = 97F41ECE1CC9D14C0031AF7B /* Project object */;
}
